// !$*UTF8*$!
{
	archiveVersion = 1;
	classes = {
	};
	objectVersion = 56;
	objects = {

/* Begin PBXBuildFile section */
		3185FE2A2A5F1C4C008D82B6 /* AppDelegate.swift in Sources */ = {isa = PBXBuildFile; fileRef = 3185FE292A5F1C4C008D82B6 /* AppDelegate.swift */; };
		3185FE2C2A5F1C4C008D82B6 /* SceneDelegate.swift in Sources */ = {isa = PBXBuildFile; fileRef = 3185FE2B2A5F1C4C008D82B6 /* SceneDelegate.swift */; };
		3185FE2E2A5F1C4C008D82B6 /* OnboardingController.swift in Sources */ = {isa = PBXBuildFile; fileRef = 3185FE2D2A5F1C4C008D82B6 /* OnboardingController.swift */; };
		3185FE332A5F1C4D008D82B6 /* Assets.xcassets in Resources */ = {isa = PBXBuildFile; fileRef = 3185FE322A5F1C4D008D82B6 /* Assets.xcassets */; };
		3185FE362A5F1C4D008D82B6 /* LaunchScreen.storyboard in Resources */ = {isa = PBXBuildFile; fileRef = 3185FE342A5F1C4D008D82B6 /* LaunchScreen.storyboard */; };
		3185FE452A5F1F1E008D82B6 /* OnboardingModel.swift in Sources */ = {isa = PBXBuildFile; fileRef = 3185FE442A5F1F1E008D82B6 /* OnboardingModel.swift */; };
		3185FE472A5F1F3B008D82B6 /* OnboardingView.swift in Sources */ = {isa = PBXBuildFile; fileRef = 3185FE462A5F1F3B008D82B6 /* OnboardingView.swift */; };
		3185FE492A5F210A008D82B6 /* UIImage+Ext.swift in Sources */ = {isa = PBXBuildFile; fileRef = 3185FE482A5F210A008D82B6 /* UIImage+Ext.swift */; };
		3185FE4D2A5F2214008D82B6 /* Onboarding.swift in Sources */ = {isa = PBXBuildFile; fileRef = 3185FE4C2A5F2214008D82B6 /* Onboarding.swift */; };
/* End PBXBuildFile section */

/* Begin PBXFileReference section */
		3185FE262A5F1C4C008D82B6 /* MVC.app */ = {isa = PBXFileReference; explicitFileType = wrapper.application; includeInIndex = 0; path = MVC.app; sourceTree = BUILT_PRODUCTS_DIR; };
		3185FE292A5F1C4C008D82B6 /* AppDelegate.swift */ = {isa = PBXFileReference; lastKnownFileType = sourcecode.swift; path = AppDelegate.swift; sourceTree = "<group>"; };
		3185FE2B2A5F1C4C008D82B6 /* SceneDelegate.swift */ = {isa = PBXFileReference; lastKnownFileType = sourcecode.swift; path = SceneDelegate.swift; sourceTree = "<group>"; };
		3185FE2D2A5F1C4C008D82B6 /* OnboardingController.swift */ = {isa = PBXFileReference; lastKnownFileType = sourcecode.swift; path = OnboardingController.swift; sourceTree = "<group>"; };
		3185FE322A5F1C4D008D82B6 /* Assets.xcassets */ = {isa = PBXFileReference; lastKnownFileType = folder.assetcatalog; path = Assets.xcassets; sourceTree = "<group>"; };
		3185FE352A5F1C4D008D82B6 /* Base */ = {isa = PBXFileReference; lastKnownFileType = file.storyboard; name = Base; path = Base.lproj/LaunchScreen.storyboard; sourceTree = "<group>"; };
		3185FE372A5F1C4D008D82B6 /* Info.plist */ = {isa = PBXFileReference; lastKnownFileType = text.plist.xml; path = Info.plist; sourceTree = "<group>"; };
		3185FE442A5F1F1E008D82B6 /* OnboardingModel.swift */ = {isa = PBXFileReference; lastKnownFileType = sourcecode.swift; path = OnboardingModel.swift; sourceTree = "<group>"; };
		3185FE462A5F1F3B008D82B6 /* OnboardingView.swift */ = {isa = PBXFileReference; lastKnownFileType = sourcecode.swift; path = OnboardingView.swift; sourceTree = "<group>"; };
		3185FE482A5F210A008D82B6 /* UIImage+Ext.swift */ = {isa = PBXFileReference; lastKnownFileType = sourcecode.swift; path = "UIImage+Ext.swift"; sourceTree = "<group>"; };
		3185FE4C2A5F2214008D82B6 /* Onboarding.swift */ = {isa = PBXFileReference; lastKnownFileType = sourcecode.swift; path = Onboarding.swift; sourceTree = "<group>"; };
/* End PBXFileReference section */

/* Begin PBXFrameworksBuildPhase section */
		3185FE232A5F1C4B008D82B6 /* Frameworks */ = {
			isa = PBXFrameworksBuildPhase;
			buildActionMask = 2147483647;
			files = (
			);
			runOnlyForDeploymentPostprocessing = 0;
		};
/* End PBXFrameworksBuildPhase section */

/* Begin PBXGroup section */
		3185FE1D2A5F1C4B008D82B6 = {
			isa = PBXGroup;
			children = (
				3185FE282A5F1C4C008D82B6 /* MVC */,
				3185FE272A5F1C4C008D82B6 /* Products */,
			);
			sourceTree = "<group>";
		};
		3185FE272A5F1C4C008D82B6 /* Products */ = {
			isa = PBXGroup;
			children = (
				3185FE262A5F1C4C008D82B6 /* MVC.app */,
			);
			name = Products;
			sourceTree = "<group>";
		};
		3185FE282A5F1C4C008D82B6 /* MVC */ = {
			isa = PBXGroup;
			children = (
				3185FE3D2A5F1D40008D82B6 /* Sourses */,
				3185FE3F2A5F1D7C008D82B6 /* Resourses */,
			);
			path = MVC;
			sourceTree = "<group>";
		};
		3185FE3D2A5F1D40008D82B6 /* Sourses */ = {
			isa = PBXGroup;
			children = (
				3185FE4A2A5F212A008D82B6 /* Extension */,
				3185FE3E2A5F1D54008D82B6 /* App */,
			);
			path = Sourses;
			sourceTree = "<group>";
		};
		3185FE3E2A5F1D54008D82B6 /* App */ = {
			isa = PBXGroup;
			children = (
				3185FE292A5F1C4C008D82B6 /* AppDelegate.swift */,
				3185FE2B2A5F1C4C008D82B6 /* SceneDelegate.swift */,
				3185FE412A5F1EA3008D82B6 /* Scenes */,
			);
			path = App;
			sourceTree = "<group>";
		};
		3185FE3F2A5F1D7C008D82B6 /* Resourses */ = {
			isa = PBXGroup;
			children = (
				3185FE322A5F1C4D008D82B6 /* Assets.xcassets */,
				3185FE342A5F1C4D008D82B6 /* LaunchScreen.storyboard */,
				3185FE372A5F1C4D008D82B6 /* Info.plist */,
				3185FE4B2A5F21D3008D82B6 /* Gifs */,
			);
			path = Resourses;
			sourceTree = "<group>";
		};
		3185FE402A5F1E79008D82B6 /* Controller */ = {
			isa = PBXGroup;
			children = (
				3185FE2D2A5F1C4C008D82B6 /* OnboardingController.swift */,
			);
			path = Controller;
			sourceTree = "<group>";
		};
		3185FE412A5F1EA3008D82B6 /* Scenes */ = {
			isa = PBXGroup;
			children = (
				3185FE422A5F1EC5008D82B6 /* View */,
				3185FE402A5F1E79008D82B6 /* Controller */,
				3185FE432A5F1ED2008D82B6 /* Model */,
			);
			path = Scenes;
			sourceTree = "<group>";
		};
		3185FE422A5F1EC5008D82B6 /* View */ = {
			isa = PBXGroup;
			children = (
				3185FE462A5F1F3B008D82B6 /* OnboardingView.swift */,
			);
			path = View;
			sourceTree = "<group>";
		};
		3185FE432A5F1ED2008D82B6 /* Model */ = {
			isa = PBXGroup;
			children = (
				3185FE4C2A5F2214008D82B6 /* Onboarding.swift */,
				3185FE442A5F1F1E008D82B6 /* OnboardingModel.swift */,
			);
			path = Model;
			sourceTree = "<group>";
		};
		3185FE4A2A5F212A008D82B6 /* Extension */ = {
			isa = PBXGroup;
			children = (
				3185FE482A5F210A008D82B6 /* UIImage+Ext.swift */,
			);
			path = Extension;
			sourceTree = "<group>";
		};
		3185FE4B2A5F21D3008D82B6 /* Gifs */ = {
			isa = PBXGroup;
			children = (
			);
			path = Gifs;
			sourceTree = "<group>";
		};
/* End PBXGroup section */

/* Begin PBXNativeTarget section */
		3185FE252A5F1C4B008D82B6 /* MVC */ = {
			isa = PBXNativeTarget;
			buildConfigurationList = 3185FE3A2A5F1C4D008D82B6 /* Build configuration list for PBXNativeTarget "MVC" */;
			buildPhases = (
				3185FE222A5F1C4B008D82B6 /* Sources */,
				3185FE232A5F1C4B008D82B6 /* Frameworks */,
				3185FE242A5F1C4B008D82B6 /* Resources */,
			);
			buildRules = (
			);
			dependencies = (
			);
			name = MVC;
			productName = MVC;
			productReference = 3185FE262A5F1C4C008D82B6 /* MVC.app */;
			productType = "com.apple.product-type.application";
		};
/* End PBXNativeTarget section */

/* Begin PBXProject section */
		3185FE1E2A5F1C4B008D82B6 /* Project object */ = {
			isa = PBXProject;
			attributes = {
				BuildIndependentTargetsInParallel = 1;
				LastSwiftUpdateCheck = 1430;
				LastUpgradeCheck = 1430;
				TargetAttributes = {
					3185FE252A5F1C4B008D82B6 = {
						CreatedOnToolsVersion = 14.3.1;
					};
				};
			};
			buildConfigurationList = 3185FE212A5F1C4B008D82B6 /* Build configuration list for PBXProject "MVC" */;
			compatibilityVersion = "Xcode 14.0";
			developmentRegion = en;
			hasScannedForEncodings = 0;
			knownRegions = (
				en,
				Base,
			);
			mainGroup = 3185FE1D2A5F1C4B008D82B6;
			productRefGroup = 3185FE272A5F1C4C008D82B6 /* Products */;
			projectDirPath = "";
			projectRoot = "";
			targets = (
				3185FE252A5F1C4B008D82B6 /* MVC */,
			);
		};
/* End PBXProject section */

/* Begin PBXResourcesBuildPhase section */
		3185FE242A5F1C4B008D82B6 /* Resources */ = {
			isa = PBXResourcesBuildPhase;
			buildActionMask = 2147483647;
			files = (
				3185FE362A5F1C4D008D82B6 /* LaunchScreen.storyboard in Resources */,
				3185FE332A5F1C4D008D82B6 /* Assets.xcassets in Resources */,
			);
			runOnlyForDeploymentPostprocessing = 0;
		};
/* End PBXResourcesBuildPhase section */

/* Begin PBXSourcesBuildPhase section */
		3185FE222A5F1C4B008D82B6 /* Sources */ = {
			isa = PBXSourcesBuildPhase;
			buildActionMask = 2147483647;
			files = (
				3185FE452A5F1F1E008D82B6 /* OnboardingModel.swift in Sources */,
				3185FE2E2A5F1C4C008D82B6 /* OnboardingController.swift in Sources */,
				3185FE2A2A5F1C4C008D82B6 /* AppDelegate.swift in Sources */,
				3185FE4D2A5F2214008D82B6 /* Onboarding.swift in Sources */,
				3185FE492A5F210A008D82B6 /* UIImage+Ext.swift in Sources */,
				3185FE472A5F1F3B008D82B6 /* OnboardingView.swift in Sources */,
				3185FE2C2A5F1C4C008D82B6 /* SceneDelegate.swift in Sources */,
			);
			runOnlyForDeploymentPostprocessing = 0;
		};
/* End PBXSourcesBuildPhase section */

/* Begin PBXVariantGroup section */
		3185FE342A5F1C4D008D82B6 /* LaunchScreen.storyboard */ = {
			isa = PBXVariantGroup;
			children = (
				3185FE352A5F1C4D008D82B6 /* Base */,
			);
			name = LaunchScreen.storyboard;
			sourceTree = "<group>";
		};
/* End PBXVariantGroup section */

/* Begin XCBuildConfiguration section */
		3185FE382A5F1C4D008D82B6 /* Debug */ = {
			isa = XCBuildConfiguration;
			buildSettings = {
				ALWAYS_SEARCH_USER_PATHS = NO;
				CLANG_ANALYZER_NONNULL = YES;
				CLANG_ANALYZER_NUMBER_OBJECT_CONVERSION = YES_AGGRESSIVE;
				CLANG_CXX_LANGUAGE_STANDARD = "gnu++20";
				CLANG_ENABLE_MODULES = YES;
				CLANG_ENABLE_OBJC_ARC = YES;
				CLANG_ENABLE_OBJC_WEAK = YES;
				CLANG_WARN_BLOCK_CAPTURE_AUTORELEASING = YES;
				CLANG_WARN_BOOL_CONVERSION = YES;
				CLANG_WARN_COMMA = YES;
				CLANG_WARN_CONSTANT_CONVERSION = YES;
				CLANG_WARN_DEPRECATED_OBJC_IMPLEMENTATIONS = YES;
				CLANG_WARN_DIRECT_OBJC_ISA_USAGE = YES_ERROR;
				CLANG_WARN_DOCUMENTATION_COMMENTS = YES;
				CLANG_WARN_EMPTY_BODY = YES;
				CLANG_WARN_ENUM_CONVERSION = YES;
				CLANG_WARN_INFINITE_RECURSION = YES;
				CLANG_WARN_INT_CONVERSION = YES;
				CLANG_WARN_NON_LITERAL_NULL_CONVERSION = YES;
				CLANG_WARN_OBJC_IMPLICIT_RETAIN_SELF = YES;
				CLANG_WARN_OBJC_LITERAL_CONVERSION = YES;
				CLANG_WARN_OBJC_ROOT_CLASS = YES_ERROR;
				CLANG_WARN_QUOTED_INCLUDE_IN_FRAMEWORK_HEADER = YES;
				CLANG_WARN_RANGE_LOOP_ANALYSIS = YES;
				CLANG_WARN_STRICT_PROTOTYPES = YES;
				CLANG_WARN_SUSPICIOUS_MOVE = YES;
				CLANG_WARN_UNGUARDED_AVAILABILITY = YES_AGGRESSIVE;
				CLANG_WARN_UNREACHABLE_CODE = YES;
				CLANG_WARN__DUPLICATE_METHOD_MATCH = YES;
				COPY_PHASE_STRIP = NO;
				DEBUG_INFORMATION_FORMAT = dwarf;
				ENABLE_STRICT_OBJC_MSGSEND = YES;
				ENABLE_TESTABILITY = YES;
				GCC_C_LANGUAGE_STANDARD = gnu11;
				GCC_DYNAMIC_NO_PIC = NO;
				GCC_NO_COMMON_BLOCKS = YES;
				GCC_OPTIMIZATION_LEVEL = 0;
				GCC_PREPROCESSOR_DEFINITIONS = (
					"DEBUG=1",
					"$(inherited)",
				);
				GCC_WARN_64_TO_32_BIT_CONVERSION = YES;
				GCC_WARN_ABOUT_RETURN_TYPE = YES_ERROR;
				GCC_WARN_UNDECLARED_SELECTOR = YES;
				GCC_WARN_UNINITIALIZED_AUTOS = YES_AGGRESSIVE;
				GCC_WARN_UNUSED_FUNCTION = YES;
				GCC_WARN_UNUSED_VARIABLE = YES;
				IPHONEOS_DEPLOYMENT_TARGET = 16.4;
				MTL_ENABLE_DEBUG_INFO = INCLUDE_SOURCE;
				MTL_FAST_MATH = YES;
				ONLY_ACTIVE_ARCH = YES;
				SDKROOT = iphoneos;
				SWIFT_ACTIVE_COMPILATION_CONDITIONS = DEBUG;
				SWIFT_OPTIMIZATION_LEVEL = "-Onone";
			};
			name = Debug;
		};
		3185FE392A5F1C4D008D82B6 /* Release */ = {
			isa = XCBuildConfiguration;
			buildSettings = {
				ALWAYS_SEARCH_USER_PATHS = NO;
				CLANG_ANALYZER_NONNULL = YES;
				CLANG_ANALYZER_NUMBER_OBJECT_CONVERSION = YES_AGGRESSIVE;
				CLANG_CXX_LANGUAGE_STANDARD = "gnu++20";
				CLANG_ENABLE_MODULES = YES;
				CLANG_ENABLE_OBJC_ARC = YES;
				CLANG_ENABLE_OBJC_WEAK = YES;
				CLANG_WARN_BLOCK_CAPTURE_AUTORELEASING = YES;
				CLANG_WARN_BOOL_CONVERSION = YES;
				CLANG_WARN_COMMA = YES;
				CLANG_WARN_CONSTANT_CONVERSION = YES;
				CLANG_WARN_DEPRECATED_OBJC_IMPLEMENTATIONS = YES;
				CLANG_WARN_DIRECT_OBJC_ISA_USAGE = YES_ERROR;
				CLANG_WARN_DOCUMENTATION_COMMENTS = YES;
				CLANG_WARN_EMPTY_BODY = YES;
				CLANG_WARN_ENUM_CONVERSION = YES;
				CLANG_WARN_INFINITE_RECURSION = YES;
				CLANG_WARN_INT_CONVERSION = YES;
				CLANG_WARN_NON_LITERAL_NULL_CONVERSION = YES;
				CLANG_WARN_OBJC_IMPLICIT_RETAIN_SELF = YES;
				CLANG_WARN_OBJC_LITERAL_CONVERSION = YES;
				CLANG_WARN_OBJC_ROOT_CLASS = YES_ERROR;
				CLANG_WARN_QUOTED_INCLUDE_IN_FRAMEWORK_HEADER = YES;
				CLANG_WARN_RANGE_LOOP_ANALYSIS = YES;
				CLANG_WARN_STRICT_PROTOTYPES = YES;
				CLANG_WARN_SUSPICIOUS_MOVE = YES;
				CLANG_WARN_UNGUARDED_AVAILABILITY = YES_AGGRESSIVE;
				CLANG_WARN_UNREACHABLE_CODE = YES;
				CLANG_WARN__DUPLICATE_METHOD_MATCH = YES;
				COPY_PHASE_STRIP = NO;
				DEBUG_INFORMATION_FORMAT = "dwarf-with-dsym";
				ENABLE_NS_ASSERTIONS = NO;
				ENABLE_STRICT_OBJC_MSGSEND = YES;
				GCC_C_LANGUAGE_STANDARD = gnu11;
				GCC_NO_COMMON_BLOCKS = YES;
				GCC_WARN_64_TO_32_BIT_CONVERSION = YES;
				GCC_WARN_ABOUT_RETURN_TYPE = YES_ERROR;
				GCC_WARN_UNDECLARED_SELECTOR = YES;
				GCC_WARN_UNINITIALIZED_AUTOS = YES_AGGRESSIVE;
				GCC_WARN_UNUSED_FUNCTION = YES;
				GCC_WARN_UNUSED_VARIABLE = YES;
				IPHONEOS_DEPLOYMENT_TARGET = 16.4;
				MTL_ENABLE_DEBUG_INFO = NO;
				MTL_FAST_MATH = YES;
				SDKROOT = iphoneos;
				SWIFT_COMPILATION_MODE = wholemodule;
				SWIFT_OPTIMIZATION_LEVEL = "-O";
				VALIDATE_PRODUCT = YES;
			};
			name = Release;
		};
		3185FE3B2A5F1C4D008D82B6 /* Debug */ = {
			isa = XCBuildConfiguration;
			buildSettings = {
				ASSETCATALOG_COMPILER_APPICON_NAME = AppIcon;
				ASSETCATALOG_COMPILER_GLOBAL_ACCENT_COLOR_NAME = AccentColor;
				CODE_SIGN_STYLE = Automatic;
				CURRENT_PROJECT_VERSION = 1;
				GENERATE_INFOPLIST_FILE = YES;
				INFOPLIST_FILE = MVC/Resourses/Info.plist;
				INFOPLIST_KEY_UIApplicationSupportsIndirectInputEvents = YES;
				INFOPLIST_KEY_UILaunchStoryboardName = LaunchScreen;
				INFOPLIST_KEY_UISupportedInterfaceOrientations_iPad = "UIInterfaceOrientationPortrait UIInterfaceOrientationPortraitUpsideDown UIInterfaceOrientationLandscapeLeft UIInterfaceOrientationLandscapeRight";
				INFOPLIST_KEY_UISupportedInterfaceOrientations_iPhone = "UIInterfaceOrientationPortrait UIInterfaceOrientationLandscapeLeft UIInterfaceOrientationLandscapeRight";
				LD_RUNPATH_SEARCH_PATHS = (
					"$(inherited)",
					"@executable_path/Frameworks",
				);
				MARKETING_VERSION = 1.0;
				PRODUCT_BUNDLE_IDENTIFIER = "com.xxahtoxaxx2015-.MVC";
				PRODUCT_NAME = "$(TARGET_NAME)";
				SWIFT_EMIT_LOC_STRINGS = YES;
				SWIFT_VERSION = 5.0;
				TARGETED_DEVICE_FAMILY = "1,2";
			};
			name = Debug;
		};
		3185FE3C2A5F1C4D008D82B6 /* Release */ = {
			isa = XCBuildConfiguration;
			buildSettings = {
				ASSETCATALOG_COMPILER_APPICON_NAME = AppIcon;
				ASSETCATALOG_COMPILER_GLOBAL_ACCENT_COLOR_NAME = AccentColor;
				CODE_SIGN_STYLE = Automatic;
				CURRENT_PROJECT_VERSION = 1;
				GENERATE_INFOPLIST_FILE = YES;
				INFOPLIST_FILE = MVC/Resourses/Info.plist;
				INFOPLIST_KEY_UIApplicationSupportsIndirectInputEvents = YES;
				INFOPLIST_KEY_UILaunchStoryboardName = LaunchScreen;
				INFOPLIST_KEY_UISupportedInterfaceOrientations_iPad = "UIInterfaceOrientationPortrait UIInterfaceOrientationPortraitUpsideDown UIInterfaceOrientationLandscapeLeft UIInterfaceOrientationLandscapeRight";
				INFOPLIST_KEY_UISupportedInterfaceOrientations_iPhone = "UIInterfaceOrientationPortrait UIInterfaceOrientationLandscapeLeft UIInterfaceOrientationLandscapeRight";
				LD_RUNPATH_SEARCH_PATHS = (
					"$(inherited)",
					"@executable_path/Frameworks",
				);
				MARKETING_VERSION = 1.0;
				PRODUCT_BUNDLE_IDENTIFIER = "com.xxahtoxaxx2015-.MVC";
				PRODUCT_NAME = "$(TARGET_NAME)";
				SWIFT_EMIT_LOC_STRINGS = YES;
				SWIFT_VERSION = 5.0;
				TARGETED_DEVICE_FAMILY = "1,2";
			};
			name = Release;
		};
/* End XCBuildConfiguration section */

/* Begin XCConfigurationList section */
		3185FE212A5F1C4B008D82B6 /* Build configuration list for PBXProject "MVC" */ = {
			isa = XCConfigurationList;
			buildConfigurations = (
				3185FE382A5F1C4D008D82B6 /* Debug */,
				3185FE392A5F1C4D008D82B6 /* Release */,
			);
			defaultConfigurationIsVisible = 0;
			defaultConfigurationName = Release;
		};
		3185FE3A2A5F1C4D008D82B6 /* Build configuration list for PBXNativeTarget "MVC" */ = {
			isa = XCConfigurationList;
			buildConfigurations = (
				3185FE3B2A5F1C4D008D82B6 /* Debug */,
				3185FE3C2A5F1C4D008D82B6 /* Release */,
			);
			defaultConfigurationIsVisible = 0;
			defaultConfigurationName = Release;
		};
/* End XCConfigurationList section */
	};
	rootObject = 3185FE1E2A5F1C4B008D82B6 /* Project object */;
}
